{
    "_meta": {
        "hash": {
            "sha256": "58157827d174e74610405a48654e75371bff5c24d2be6303e53f6de0acf9f46a"
        },
        "pipfile-spec": 6,
        "requires": {},
        "sources": [
            {
                "name": "pypi",
                "url": "https://pypi.python.org/simple",
                "verify_ssl": true
            }
        ]
    },
    "default": {
        "alabaster": {
            "hashes": [
                "sha256:2eef172f44e8d301d25aff8068fddd65f767a3f04b5f15b0f4922f113aa1c732",
                "sha256:37cdcb9e9954ed60912ebc1ca12a9d12178c26637abdf124e3cde2341c257fe0"
            ],
            "version": "==0.7.10"
        },
        "arrow": {
            "hashes": [
                "sha256:a558d3b7b6ce7ffc74206a86c147052de23d3d4ef0e17c210dd478c53575c4cd"
            ],
            "version": "==0.12.1"
        },
        "asn1crypto": {
            "hashes": [
                "sha256:2f1adbb7546ed199e3c90ef23ec95c5cf3585bac7d11fb7eb562a3fe89c64e87",
                "sha256:9d5c20441baf0cb60a4ac34cc447c6c189024b6b4c6cd7877034f4965c464e49"
            ],
            "version": "==0.24.0"
        },
        "attrs": {
            "hashes": [
                "sha256:4b90b09eeeb9b88c35bc642cbac057e45a5fd85367b985bd2809c62b7b939265",
                "sha256:e0d0eb91441a3b53dab4d9b743eafc1ac44476296a2053b6ca3af0b139faf87b"
            ],
            "version": "==18.1.0"
        },
        "babel": {
            "hashes": [
                "sha256:8ce4cb6fdd4393edd323227cba3a077bceb2a6ce5201c902c65e730046f41f14",
                "sha256:ad209a68d7162c4cff4b29cdebe3dec4cef75492df501b0049a9433c96ce6f80"
            ],
            "version": "==2.5.3"
        },
        "binaryornot": {
            "hashes": [
                "sha256:359501dfc9d40632edc9fac890e19542db1a287bbcfa58175b66658392018061",
                "sha256:b8b71173c917bddcd2c16070412e369c3ed7f0528926f70cac18a6c97fd563e4"
            ],
            "version": "==0.4.4"
        },
        "cchardet": {
            "hashes": [
                "sha256:04ec9fe899d55d5bb358ced4ba578f5242dc1fd73ac7ed3fb9f55672298ab0e0",
                "sha256:0597b2a4fcecca07bafd0afd27794c8f79160c8c8b3ac46aeff18d650c5a248e",
                "sha256:1b785adb648ed9a087e58f556cedb0cf90e3acece8f0a8efdd1c58d29778c428",
                "sha256:20437fc0c812b3e167ddf71239ad6a9072aa1f8e1d3a1271330e446ae2edf4cb",
                "sha256:41ccfb1b5b0e9e8a02c6ccdd264df955fd5dfff414887ce160f3f7aa52b6f286",
                "sha256:45735175ae5e0504258a0f7cced071d5a60ea3e50598921dd3f7c4aa824b1037",
                "sha256:4bc4df2e8a8e418e4ad07f8114dcab066d3d83049a3d9f9d424abab1a0f45493",
                "sha256:558ffc9e653b07ac72fe37a594a4151ed389b3d19fb72286beee3eae592a4391",
                "sha256:665cf8a7f22224a4740ad992677f97b68b074284dad08ebc9dfd8fd5b4fe8d75",
                "sha256:8da0a24ee36f7a407dab16e3b3e1ff87b58af34bd273089dbacd3f61ce3c002d",
                "sha256:94876472946bf5de63abfa5630403353c0c2decc696d1da681021b33c471bc59",
                "sha256:adebe077aec746a3144fab8cebf88766476a0f4881a50c71abb592be9112eb0b",
                "sha256:b4ccd55b0e917d98fa94aee19b7551e9d38d0835b608ebe843f72b48587e6b74",
                "sha256:b885af572379d02ddda08f1f2ebe0b945d30c508072b53199c51e054b8d58478",
                "sha256:c966fa91c53e36db3e1663f7c98070cb936a15b2d98a34a66b5833b147b9bc5a",
                "sha256:d1272d39154a0314b76c33898d09cacd7d435654285fbcecc97b88250a26f1ce",
                "sha256:e88a932383e43de11c75567d3391e11a159ef8ed2524ab4f71a17020f3b7834f",
                "sha256:fa0b85dca774101bd621ee29bd0b8b25ca1bb1affa463e145d3daf1d950debd7",
                "sha256:fb64c00ac0184a1b6c93b19c7bd47218d60d8eba3c00b15ac802979444e5a1bb"
            ],
            "version": "==1.1.3"
        },
        "certifi": {
            "hashes": [
                "sha256:13e698f54293db9f89122b0581843a782ad0934a4fe0172d2a980ba77fc61bb7",
                "sha256:9fa520c1bacfb634fa7af20a76bcbd3d5fb390481724c597da32c719a7dca4b0"
            ],
            "version": "==2018.4.16"
        },
        "cffi": {
            "hashes": [
                "sha256:151b7eefd035c56b2b2e1eb9963c90c6302dc15fbd8c1c0a83a163ff2c7d7743",
                "sha256:1553d1e99f035ace1c0544050622b7bc963374a00c467edafac50ad7bd276aef",
                "sha256:1b0493c091a1898f1136e3f4f991a784437fac3673780ff9de3bcf46c80b6b50",
                "sha256:2ba8a45822b7aee805ab49abfe7eec16b90587f7f26df20c71dd89e45a97076f",
                "sha256:3c85641778460581c42924384f5e68076d724ceac0f267d66c757f7535069c93",
                "sha256:3eb6434197633b7748cea30bf0ba9f66727cdce45117a712b29a443943733257",
                "sha256:4c91af6e967c2015729d3e69c2e51d92f9898c330d6a851bf8f121236f3defd3",
                "sha256:770f3782b31f50b68627e22f91cb182c48c47c02eb405fd689472aa7b7aa16dc",
                "sha256:79f9b6f7c46ae1f8ded75f68cf8ad50e5729ed4d590c74840471fc2823457d04",
                "sha256:7a33145e04d44ce95bcd71e522b478d282ad0eafaf34fe1ec5bbd73e662f22b6",
                "sha256:857959354ae3a6fa3da6651b966d13b0a8bed6bbc87a0de7b38a549db1d2a359",
                "sha256:87f37fe5130574ff76c17cab61e7d2538a16f843bb7bca8ebbc4b12de3078596",
                "sha256:95d5251e4b5ca00061f9d9f3d6fe537247e145a8524ae9fd30a2f8fbce993b5b",
                "sha256:9d1d3e63a4afdc29bd76ce6aa9d58c771cd1599fbba8cf5057e7860b203710dd",
                "sha256:a36c5c154f9d42ec176e6e620cb0dd275744aa1d804786a71ac37dc3661a5e95",
                "sha256:ae5e35a2c189d397b91034642cb0eab0e346f776ec2eb44a49a459e6615d6e2e",
                "sha256:b0f7d4a3df8f06cf49f9f121bead236e328074de6449866515cea4907bbc63d6",
                "sha256:b75110fb114fa366b29a027d0c9be3709579602ae111ff61674d28c93606acca",
                "sha256:ba5e697569f84b13640c9e193170e89c13c6244c24400fc57e88724ef610cd31",
                "sha256:be2a9b390f77fd7676d80bc3cdc4f8edb940d8c198ed2d8c0be1319018c778e1",
                "sha256:d5d8555d9bfc3f02385c1c37e9f998e2011f0db4f90e250e5bc0c0a85a813085",
                "sha256:e55e22ac0a30023426564b1059b035973ec82186ddddbac867078435801c7801",
                "sha256:e90f17980e6ab0f3c2f3730e56d1fe9bcba1891eeea58966e89d352492cc74f4",
                "sha256:ecbb7b01409e9b782df5ded849c178a0aa7c906cf8c5a67368047daab282b184",
                "sha256:ed01918d545a38998bfa5902c7c00e0fee90e957ce036a4000a88e3fe2264917",
                "sha256:edabd457cd23a02965166026fd9bfd196f4324fe6032e866d0f3bd0301cd486f",
                "sha256:fdf1c1dc5bafc32bc5d08b054f94d659422b05aba244d6be4ddc1c72d9aa70fb"
            ],
            "markers": "platform_python_implementation != 'pypy'",
            "version": "==1.11.5"
        },
        "chardet": {
            "hashes": [
                "sha256:84ab92ed1c4d4f16916e05906b6b75a6c0fb5db821cc65e70cbd64a3e2a5eaae",
                "sha256:fc323ffcaeaed0e0a02bf4d117757b98aed530d9ed4531e3e15460124c106691"
            ],
            "version": "==3.0.4"
        },
        "click": {
            "hashes": [
                "sha256:29f99fc6125fbc931b758dc053b3114e55c77a6e4c6c3a2674a2dc986016381d",
                "sha256:f15516df478d5a56180fbf80e68f206010e6d160fc39fa508b65e035fd75130b"
            ],
            "version": "==6.7"
        },
        "click-configfile": {
            "hashes": [
                "sha256:95beec13bee950e98f43c81dcdabef4f644091559ea66298f9dadf59351d90d1",
                "sha256:af2ae7123af57d850cd18edd915893e655b6b1bc30d1302fd040b1059bec073d"
            ],
            "version": "==0.2.3"
        },
        "click-log": {
            "hashes": [
                "sha256:27d354caa8cd83190d396a857f5dca062cf74109cff8951c241518ad9ad8de4e",
                "sha256:493af4fde9999fa3a15696a1c3c7ace394296542a035caaf5854b32140413de4"
            ],
            "version": "==0.2.1"
        },
        "cobra": {
            "hashes": [
                "sha256:28a6e38e77b83f3895416c0d15edf198c37ede1775d74edaeb07d88bb423049e",
                "sha256:ed80c0cfd454568699f6b5146f35535ccb7dd51032f3ef3e5a5ec636eafef8d8"
            ],
            "version": "==0.11.3"
        },
        "configparser": {
            "hashes": [
                "sha256:5308b47021bc2340965c371f0f058cc6971a04502638d4244225c49d80db273a"
            ],
            "version": "==3.5.0"
        },
        "cookiecutter": {
            "hashes": [
                "sha256:1316a52e1c1f08db0c9efbf7d876dbc01463a74b155a0d83e722be88beda9a3e",
                "sha256:ed8f54a8fc79b6864020d773ce11539b5f08e4617f353de1f22d23226f6a0d36"
            ],
            "version": "==1.6.0"
        },
        "cryptography": {
            "hashes": [
                "sha256:3f3b65d5a16e6b52fba63dc860b62ca9832f51f1a2ae5083c78b6840275f12dd",
                "sha256:551a3abfe0c8c6833df4192a63371aa2ff43afd8f570ed345d31f251d78e7e04",
                "sha256:5cb990056b7cadcca26813311187ad751ea644712022a3976443691168781b6f",
                "sha256:60bda7f12ecb828358be53095fc9c6edda7de8f1ef571f96c00b2363643fa3cd",
                "sha256:6fef51ec447fe9f8351894024e94736862900d3a9aa2961528e602eb65c92bdb",
                "sha256:77d0ad229d47a6e0272d00f6bf8ac06ce14715a9fd02c9a97f5a2869aab3ccb2",
                "sha256:808fe471b1a6b777f026f7dc7bd9a4959da4bfab64972f2bbe91e22527c1c037",
                "sha256:9b62fb4d18529c84b961efd9187fecbb48e89aa1a0f9f4161c61b7fc42a101bd",
                "sha256:9e5bed45ec6b4f828866ac6a6bedf08388ffcfa68abe9e94b34bb40977aba531",
                "sha256:9fc295bf69130a342e7a19a39d7bbeb15c0bcaabc7382ec33ef3b2b7d18d2f63",
                "sha256:abd070b5849ed64e6d349199bef955ee0ad99aefbad792f0c587f8effa681a5e",
                "sha256:ba6a774749b6e510cffc2fb98535f717e0e5fd91c7c99a61d223293df79ab351",
                "sha256:c332118647f084c983c6a3e1dba0f3bcb051f69d12baccac68db8d62d177eb8a",
                "sha256:d6f46e862ee36df81e6342c2177ba84e70f722d9dc9c6c394f9f1f434c4a5563",
                "sha256:db6013746f73bf8edd9c3d1d3f94db635b9422f503db3fc5ef105233d4c011ab",
                "sha256:f57008eaff597c69cf692c3518f6d4800f0309253bb138b526a37fe9ef0c7471",
                "sha256:f6c821ac253c19f2ad4c8691633ae1d1a17f120d5b01ea1d256d7b602bc59887"
            ],
            "version": "==2.2.2"
        },
        "datapackage": {
            "hashes": [
                "sha256:b3805ba4091414b38d7b76ba2dfd1ed00b90446ec077dfd16f1d83e622eb52eb",
                "sha256:bb6e5a2e3f991f27de06db57c940f85f3e2a762747a8b4165800e8ecc267f2c6"
            ],
            "version": "==0.8.9"
        },
        "depinfo": {
            "hashes": [
                "sha256:8b385f3d737bebe613ea4283615136b8f0e62be0b6cbb6b9a1d077d7a1ad97ba",
                "sha256:a9dc0f3e73658f72b41ac9b87c2e05fc887d64f74b0799381dd5c872be83de59"
            ],
            "version": "==1.3.0"
        },
        "docutils": {
            "hashes": [
                "sha256:02aec4bd92ab067f6ff27a38a38a41173bf01bed8f89157768c1573f53e474a6",
                "sha256:51e64ef2ebfb29cae1faa133b3710143496eca21c530f3f71424d77687764274",
                "sha256:7a4bd47eaf6596e1295ecb11361139febe29b084a87bf005bf899f9a42edc3c6"
            ],
            "version": "==0.14"
        },
        "et-xmlfile": {
            "hashes": [
                "sha256:614d9722d572f6246302c4491846d2c393c199cfa4edc9af593437691683335b"
            ],
            "version": "==1.0.1"
        },
        "future": {
            "hashes": [
                "sha256:e39ced1ab767b5936646cedba8bcce582398233d6a627067d4c6a454c90cfedb"
            ],
            "version": "==0.16.0"
        },
        "gitdb2": {
            "hashes": [
                "sha256:b60e29d4533e5e25bb50b7678bbc187c8f6bcff1344b4f293b2ba55c85795f09",
                "sha256:cf9a4b68e8c4da8d42e48728c944ff7af2d8c9db303ac1ab32eac37aa4194b0e"
            ],
            "version": "==2.0.3"
        },
        "gitpython": {
            "hashes": [
                "sha256:05069e26177c650b3cb945dd543a7ef7ca449f8db5b73038b465105673c1ef61",
                "sha256:c47cc31af6e88979c57a33962cbc30a7c25508d74a1b3a19ec5aa7ed64b03129"
            ],
            "version": "==2.1.9"
        },
        "goodtables": {
            "hashes": [
                "sha256:541071512d63b5ec15198862b2c8ad616f56b75922aee70bf216fc1df5e6c95c",
                "sha256:5a6200c356cd0086c5b1a8b0713d75ccd63600e8c6f3a45afed05b8166c3a327"
            ],
            "version": "==1.0.0"
        },
        "idna": {
            "hashes": [
                "sha256:2c6a5de3089009e3da7c5dde64a141dbc8551d5b7f6cf4ed7c2568d0cc520a8f",
                "sha256:8c7309c718f94b3a625cb648ace320157ad16ff131ae0af362c9f21b80ef6ec4"
            ],
            "version": "==2.6"
        },
        "ijson": {
            "hashes": [
                "sha256:ef5f9f6bf9e44f2e1721e72bcc82c7ac6bb012b525e0f8642dedf7ddc44cf474",
                "sha256:eff9ce137698dcb565420497050955cb811892eb073ea1c09d92ecaf671bd7f7"
            ],
            "version": "==2.3"
        },
        "imagesize": {
            "hashes": [
                "sha256:3620cc0cadba3f7475f9940d22431fc4d407269f1be59ec9b8edcca26440cf18",
                "sha256:5b326e4678b6925158ccc66a9fa3122b6106d7c876ee32d7de6ce59385b96315"
            ],
            "version": "==1.0.0"
        },
        "importlib-resources": {
            "hashes": [
                "sha256:1a77a87b039c669a72f7953774e35e2c3ec3787ff05f3100a74703995bd3b2d5"
            ],
            "version": "==0.5"
        },
        "isodate": {
            "hashes": [
                "sha256:2e364a3d5759479cdb2d37cce6b9376ea504db2ff90252a2e5b7cc89cc9ff2d8",
                "sha256:aa4d33c06640f5352aca96e4b81afd8ab3b47337cc12089822d6f322ac772c81"
            ],
            "version": "==0.6.0"
        },
        "jdcal": {
            "hashes": [
                "sha256:948fb8d079e63b4be7a69dd5f0cd618a0a57e80753de8248fd786a8a20658a07",
                "sha256:ea0a5067c5f0f50ad4c7bdc80abad3d976604f6fb026b0b3a17a9d84bb9046c9"
            ],
            "version": "==1.4"
        },
        "jinja2": {
            "hashes": [
                "sha256:74c935a1b8bb9a3947c50a54766a969d4846290e1e788ea44c1392163723c3bd",
                "sha256:f84be1bb0040caca4cea721fcbbbbd61f9be9464ca236387158b0feea01914a4"
            ],
            "version": "==2.10"
        },
        "jinja2-ospath": {
            "hashes": [
                "sha256:233ee763f14a9722f3a459196405b472137b25344c0a40b1456ff53f427c200b",
                "sha256:263cd454d8dc28256acee81d2850afdd3d3ed76d2c4e7d5084d27e146643099d"
            ],
            "version": "==0.2.1"
        },
        "jinja2-time": {
            "hashes": [
                "sha256:d14eaa4d315e7688daa4969f616f226614350c48730bfa1692d2caebd8c90d40",
                "sha256:d3eab6605e3ec8b7a0863df09cc1d23714908fa61aa6986a845c20ba488b4efa"
            ],
            "version": "==0.2.0"
        },
        "jsonlines": {
            "hashes": [
                "sha256:0ebd5b0c3efe0d4b5018b320fb0ee1a7b680ab39f6eb853715859f818d386cc8",
                "sha256:43b8d5588a9d4862c8a4a49580e38e20ec595aee7ad6fe469b10fb83fbefde88"
            ],
            "version": "==1.2.0"
        },
        "jsonschema": {
            "hashes": [
                "sha256:000e68abd33c972a5248544925a0cae7d1125f9bf6c58280d37546b946769a08",
                "sha256:6ff5f3180870836cae40f06fa10419f557208175f13ad7bc26caa77beb1f6e02"
            ],
            "version": "==2.6.0"
        },
        "jsontableschema": {
            "hashes": [
                "sha256:0cadcaf4f5b9196f5862e5528a20c85cf041fd29ab3d48c92fab8c4cee8498ab",
                "sha256:71f35e5855c5284e18019f7b9db255b44c1da2341bc5dbe724e6d13f1bae4be7"
            ],
            "version": "==0.10.1"
        },
        "linear-tsv": {
            "hashes": [
                "sha256:b504d78f4075615ae75de86a16e5680701a441fc84da2a2cf9f94351ab1ccbf5"
            ],
            "version": "==1.1.0"
        },
        "markupsafe": {
            "hashes": [
                "sha256:a6be69091dac236ea9c6bc7d012beab42010fa914c459791d627dad4910eb665"
            ],
            "version": "==1.0"
        },
        "memote": {
            "hashes": [
                "sha256:dfd44d5db910824f7af36a54058743490ef828c2012d21bdfcf665d39da59ff2",
                "sha256:e8de985197f798f0e037925fe457e9146aeb3fa96fcec4b0a7c3a8def0a5cb62"
            ],
            "index": "pypi",
            "version": "==0.7.0"
        },
        "more-itertools": {
            "hashes": [
                "sha256:0dd8f72eeab0d2c3bd489025bb2f6a1b8342f9b198f6fc37b52d15cfa4531fea",
                "sha256:11a625025954c20145b37ff6309cd54e39ca94f72f6bb9576d1195db6fa2442e",
                "sha256:c9ce7eccdcb901a2c75d326ea134e0886abfbea5f93e91cc95de9507c0816c44"
            ],
            "version": "==4.1.0"
        },
        "mpmath": {
            "hashes": [
                "sha256:04d14803b6875fe6d69e6dccea87d5ae5599802e4b1df7997bddd2024001050c"
            ],
            "version": "==1.0.0"
        },
        "numpy": {
            "hashes": [
                "sha256:0074d42e2cc333800bd09996223d40ec52e3b1ec0a5cab05dacc09b662c4c1ae",
                "sha256:034717bfef517858abc79324820a702dc6cd063effb9baab86533e8a78670689",
                "sha256:0db6301324d0568089663ef2701ad90ebac0e975742c97460e89366692bd0563",
                "sha256:1864d005b2eb7598063e35c320787d87730d864f40d6410f768fe4ea20672016",
                "sha256:46ce8323ca9384814c7645298b8b627b7d04ce97d6948ef02da357b2389d6972",
                "sha256:510863d606c932b41d2209e4de6157ab3fdf52001d3e4ad351103176d33c4b8b",
                "sha256:560e23a12e7599be8e8b67621396c5bc687fd54b48b890adbc71bc5a67333f86",
                "sha256:57dc6c22d59054542600fce6fae2d1189b9c50bafc1aab32e55f7efcc84a6c46",
                "sha256:760550fdf9d8ec7da9c4402a4afe6e25c0f184ae132011676298a6b636660b45",
                "sha256:8670067685051b49d1f2f66e396488064299fefca199c7c80b6ba0c639fedc98",
                "sha256:9016692c7d390f9d378fc88b7a799dc9caa7eb938163dda5276d3f3d6f75debf",
                "sha256:98ff275f1b5907490d26b30b6ff111ecf2de0254f0ab08833d8fe61aa2068a00",
                "sha256:9ccf4d5c9139b1e985db915039baa0610a7e4a45090580065f8d8cb801b7422f",
                "sha256:a8dbab311d4259de5eeaa5b4e83f5f8545e4808f9144e84c0f424a6ee55a7b98",
                "sha256:aaef1bea636b6e552bbc5dae0ada87d4f6046359daaa97a05a013b0169620f27",
                "sha256:b8987e30d9a0eb6635df9705a75cf8c4a2835590244baecf210163343bc65176",
                "sha256:c3fe23df6fe0898e788581753da453f877350058c5982e85a8972feeecb15309",
                "sha256:c5eb7254cfc4bd7a4330ad7e1f65b98343836865338c57b0e25c661e41d5cfd9",
                "sha256:c80fcf9b38c7f4df666150069b04abbd2fe42ae640703a6e1f128cda83b552b7",
                "sha256:e33baf50f2f6b7153ddb973601a11df852697fba4c08b34a5e0f39f66f8120e1",
                "sha256:e8578a62a8eaf552b95d62f630bb5dd071243ba1302bbff3e55ac48588508736",
                "sha256:f22b3206f1c561dd9110b93d144c6aaa4a9a354e3b07ad36030df3ea92c5bb5b",
                "sha256:f39afab5769b3aaa786634b94b4a23ef3c150bdda044e8a32a3fc16ddafe803b"
            ],
            "version": "==1.14.3"
        },
        "numpydoc": {
            "hashes": [
                "sha256:61f4bf030937b60daa3262e421775838c945dcdd671f37b69e8e4854c7eb5ffd"
            ],
            "version": "==0.8.0"
        },
        "openpyxl": {
            "hashes": [
                "sha256:626d38647c063d55803ef4971c4d43226538d4e95cb6260c094e363ee33e10c7"
            ],
            "version": "==2.4.11"
        },
        "optlang": {
            "hashes": [
                "sha256:30d0b704d443c48e35c0d26fe2e89d5a81d4ac1c6e1a0bb788fb594c099f943d",
                "sha256:3ee988432606b2b85000dd47ef298a62bab7c9773d3d3b86a1238de07fd71433",
                "sha256:de4d98e3b31d7e4d8f7ef7325a663f74e56124c037142c4d616c59d583662dfb"
            ],
            "version": "==1.4.1"
        },
        "packaging": {
            "hashes": [
                "sha256:e9215d2d2535d3ae866c3d6efc77d5b24a0192cce0ff20e42896cc0664f889c0",
                "sha256:f019b770dd64e585a99714f1fd5e01c7a8f11b45635aa953fd41c689a657375b"
            ],
            "version": "==17.1"
        },
        "pandas": {
            "hashes": [
                "sha256:02541a4fdd31315f213a5c8e18708abad719ee03eda05f603c4fe973e9b9d770",
                "sha256:052a66f58783a59ea38fdfee25de083b107baa81fdbe38fabd169d0f9efce2bf",
                "sha256:06efae5c00b9f4c6e6d3fe1eb52e590ff0ea8e5cb58032c724e04d31c540de53",
                "sha256:12f2a19d0b0adf31170d98d0e8bcbc59add0965a9b0c65d39e0665400491c0c5",
                "sha256:244ae0b9e998cfa88452a49b20e29bf582cc7c0e69093876d505aec4f8e1c7fe",
                "sha256:2907f3fe91ca2119ac3c38de6891bbbc83333bfe0d98309768fee28de563ee7a",
                "sha256:44a94091dd71f05922eec661638ec1a35f26d573c119aa2fad964f10a2880e6c",
                "sha256:587a9816cc663c958fcff7907c553b73fe196604f990bc98e1b71ebf07e45b44",
                "sha256:66403162c8b45325a995493bdd78ad4d8be085e527d721dbfa773d56fbba9c88",
                "sha256:68ac484e857dcbbd07ea7c6f516cc67f7f143f5313d9bc661470e7f473528882",
                "sha256:68b121d13177f5128a4c118bb4f73ba40df28292c038389961aa55ea5a996427",
                "sha256:97c8223d42d43d86ca359a57b4702ca0529c6553e83d736e93a5699951f0f8db",
                "sha256:af0dbac881f6f87acd325415adea0ce8cccf28f5d4ad7a54b6a1e176e2f7bf70",
                "sha256:c2cd884794924687edbaad40d18ac984054d247bb877890932c4d41e3c3aba31",
                "sha256:c372db80a5bcb143c9cb254d50f902772c3b093a4f965275197ec2d2184b1e61"
            ],
            "version": "==0.22.0"
        },
        "pipdeptree": {
            "hashes": [
                "sha256:362c5877b3b1641671ea05b99d068e86b5cf8b848e8affa8a4af67aa18762d46",
                "sha256:65a4aff5d58c4f30d38dc3c1f7b9c6fa4b2e528a2f68a4957196e62f91f3dd62",
                "sha256:6683e1779d15828cf42f269e168a3f8559aef28a0c176d5ed85b50cd46634078"
            ],
            "version": "==0.12.1"
        },
        "pluggy": {
            "hashes": [
                "sha256:7f8ae7f5bdf75671a718d2daf0a64b7885f74510bcd98b1a0bb420eb9a9d0cff",
                "sha256:d345c8fe681115900d6da8d048ba67c25df42973bda370783cd58826442dcd7c",
                "sha256:e160a7fcf25762bb60efc7e171d4497ff1d8d2d75a3d0df7a21b76821ecbf5c5"
            ],
            "version": "==0.6.0"
        },
        "poyo": {
            "hashes": [
                "sha256:103b4ee3e1c7765098fe1cabe43f828db2e2a6079646561a2117e1a809f352d6",
                "sha256:230ec11c2f35a23410c1f0e474f09fa4e203686f40ab3adca7b039c845d8c325"
            ],
            "version": "==0.4.1"
        },
        "py": {
            "hashes": [
                "sha256:29c9fab495d7528e80ba1e343b958684f4ace687327e6f789a94bf3d1915f881",
                "sha256:983f77f3331356039fdd792e9220b7b8ee1aa6bd2b25f567a963ff1de5a64f6a"
            ],
            "version": "==1.5.3"
        },
        "pycparser": {
            "hashes": [
                "sha256:99a8ca03e29851d96616ad0404b4aad7d9ee16f25c9f9708a11faf2810f7b226"
            ],
            "version": "==2.18"
        },
        "pygithub": {
            "hashes": [
                "sha256:8a87bc0fbd0b70c2f12911f7f25a493cd13371bc1bbac6c548cc61b69e7d006f"
            ],
            "version": "==1.39"
        },
        "pygments": {
            "hashes": [
                "sha256:78f3f434bcc5d6ee09020f92ba487f95ba50f1e3ef83ae96b9d5ffa1bab25c5d",
                "sha256:dbae1046def0efb574852fab9e90209b23f556367b5a320c0bcb871c77c3e8cc"
            ],
            "version": "==2.2.0"
        },
        "pyjwt": {
            "hashes": [
                "sha256:bca523ef95586d3a8a5be2da766fe6f82754acba27689c984e28e77a12174593",
                "sha256:dacba5786fe3bf1a0ae8673874e29f9ac497860955c501289c63b15d3daae63a"
            ],
            "version": "==1.6.1"
        },
        "pylru": {
            "hashes": [
                "sha256:e03a3d354eb8fdfa11638698e8a1f06cd3b3a214ebc0a120c603a79290d9ebec"
            ],
            "version": "==1.1.0"
        },
        "pyparsing": {
            "hashes": [
                "sha256:0832bcf47acd283788593e7a0f542407bd9550a55a8a8435214a1960e04bcb04",
                "sha256:281683241b25fe9b80ec9d66017485f6deff1af5cde372469134b56ca8447a07",
                "sha256:8f1e18d3fd36c6795bb7e02a39fd05c611ffc2596c1e0d995d34d67630426c18",
                "sha256:9e8143a3e15c13713506886badd96ca4b579a87fbdf49e550dbfc057d6cb218e",
                "sha256:b8b3117ed9bdf45e14dcc89345ce638ec7e0e29b2b579fa1ecf32ce45ebac8a5",
                "sha256:e4d45427c6e20a59bf4f88c639dcc03ce30d193112047f94012102f235853a58",
                "sha256:fee43f17a9c4087e7ed1605bd6df994c6173c1e977d7ade7b651292fab2bd010"
            ],
            "version": "==2.2.0"
        },
        "pyperclip": {
            "hashes": [
                "sha256:ce829433a9af640e08ee89b20f7c62132714bcc5d77df114044d0fccb8c3b3b8"
            ],
            "version": "==1.6.0"
        },
        "pytest": {
            "hashes": [
                "sha256:54713b26c97538db6ff0703a12b19aeaeb60b5e599de542e7fca0ec83b9038e8",
                "sha256:829230122facf05a5f81a6d4dfe6454a04978ea3746853b2b84567ecf8e5c526"
            ],
            "version": "==3.5.1"
        },
        "pytest-rerunfailures": {
            "hashes": [
                "sha256:7af28f1bf30e78f23038efd66b157740475264af9b402e87449391959af197a2",
                "sha256:d59a6be9a7febc5948ea9dd6c912119be3709dfd3889df4f58f10006655a0652"
            ],
            "version": "==4.0"
        },
        "python-dateutil": {
            "hashes": [
                "sha256:1adb80e7a782c12e52ef9a8182bebeb73f1d7e24e374397af06fb4956c8dc5c0",
                "sha256:e27001de32f627c22380a688bcc43ce83504a7bc5da472209b4c70f02829f0b8"
            ],
            "version": "==2.7.3"
        },
        "python-libsbml": {
            "hashes": [
                "sha256:02888f13978f517b89ffdc47b08905add532d0ce2f51723cef0e7fbd1bf39a61",
                "sha256:1a7551376742f39dcb7f1f0d28332b3653e3708202dcd4f86c0156f254313057",
                "sha256:29417972ee938821c33e37cac6ec4bbdde00eeb4dcb786107b768603da1c39c7",
                "sha256:2b2da4c731850eb45a3953942b430356343792a66d48d80b153e7ae3de19067d",
                "sha256:372a4be03a40744f8299810a412e757ae57527d1d7336ba413ddf10863dc00be",
                "sha256:3a2cc28337af39693cac5cab40264e1aa9a73582dd75a9e454243c5e6e8012b6",
                "sha256:4503dfad1cff1f7c5f885f27863dcc74568c80127c7043607ef98d4e461f0de5",
                "sha256:5523567100752ec82b5efb16c09335d4bfa6e02a8cc46723acf4cdf8de9156f7",
                "sha256:580d285d28d5a256950caa2d4223168f1ca02eda93ec20530b9834faa558c6e2",
                "sha256:5e04072835278cb3e218bf2c42ca4224b50dc119f936c783d97bbef1c98e6bcd",
                "sha256:65ac631be32dfb824b086c96a5b086b83594ae93707348aa4b6d8b30487c9e50",
                "sha256:6702d82ef54649f0cba72660df328896a51c5e8c55a6798c9e13c7a237731764",
                "sha256:6ccac312515a359584a7e3e01d2e60d3acff12f211eaf3ff736d495d04bdd7c5",
                "sha256:6e058a64df8bf914b0a2a5ea7f584e7f08a207c3363d2af48b61c737ddd224b8",
                "sha256:87089c3f4552949468b2d786ee916c33ce6989dd81352ea5a7ae0f458708242b",
                "sha256:8e9c78eccccd08f64c17c0ab066cadb24bbf55cd59f7ccf60ee094405ced2e67",
                "sha256:985ad6de3ade63e88929e52a3251db4b5eeb2475a82b9bdcdf18f6fe80ea5e22",
                "sha256:a1904e5c20340f41da3eacfd3c3a1a7ab579b1b9de66ad3d9fd539c6f895c565",
                "sha256:a58d8a2207b22f0c91628cab6759513703c8b80ae7b73772969ca4388121eac7",
                "sha256:bf7a4d8e1626c78e288bd09621011e73d618cd895c1235a5c6560d3eaf202cf5",
                "sha256:c51247d8fd28fe97f795e408977285db067697e9dfeb1ec82b44c859fa8c29e4",
                "sha256:d309ca6194ff59d67e256f260e9c6cc6c89be1eee8b644cd5d5b07e7f52c3a78",
                "sha256:e595bf2c9c47f7953fb10acfc56cba38d3ccf94862807932c595a220db8458dc",
                "sha256:f63d4ca07ca07ca7f1f8bb3c3240fac0cdacd6d274879eb84e430cd4ae4c6140"
            ],
            "version": "==5.16.0"
        },
        "pytz": {
            "hashes": [
                "sha256:65ae0c8101309c45772196b21b74c46b2e5d11b6275c45d251b150d5da334555",
                "sha256:c06425302f2cf668f1bba7a0a03f3c1d34d4ebeef2c72003da308b3947c7f749"
            ],
            "version": "==2018.4"
        },
        "pyyaml": {
            "hashes": [
                "sha256:0c507b7f74b3d2dd4d1322ec8a94794927305ab4cebbe89cc47fe5e81541e6e8",
                "sha256:16b20e970597e051997d90dc2cddc713a2876c47e3d92d59ee198700c5427736",
                "sha256:3262c96a1ca437e7e4763e2843746588a965426550f3797a79fca9c6199c431f",
                "sha256:326420cbb492172dec84b0f65c80942de6cedb5233c413dd824483989c000608",
                "sha256:4474f8ea030b5127225b8894d626bb66c01cda098d47a2b0d3429b6700af9fd8",
                "sha256:592766c6303207a20efc445587778322d7f73b161bd994f227adaa341ba212ab",
                "sha256:5ac82e411044fb129bae5cfbeb3ba626acb2af31a8d17d175004b70862a741a7",
                "sha256:5f84523c076ad14ff5e6c037fe1c89a7f73a3e04cf0377cb4d017014976433f3",
                "sha256:827dc04b8fa7d07c44de11fabbc888e627fa8293b695e0f99cb544fdfa1bf0d1",
                "sha256:b4c423ab23291d3945ac61346feeb9a0dc4184999ede5e7c43e1ffb975130ae6",
                "sha256:bc6bced57f826ca7cb5125a10b23fd0f2fff3b7c4701d64c439a300ce665fff8",
                "sha256:c01b880ec30b5a6e6aa67b09a2fe3fb30473008c85cd6a67359a1b15ed6d83a4",
                "sha256:ca233c64c6e40eaa6c66ef97058cdc80e8d0157a443655baa1b2966e812807ca",
                "sha256:e863072cdf4c72eebf179342c94e6989c67185842d9997960b3e69290b2fa269"
            ],
            "version": "==3.12"
        },
        "requests": {
            "hashes": [
                "sha256:6a1b267aa90cac58ac3a765d067950e7dbbf75b1da07e895d1f594193a40a38b",
                "sha256:9c443e7324ba5b85070c4a818ade28bfabedf16ea10206da1132edaa6dda237e"
            ],
            "version": "==2.18.4"
        },
        "rfc3986": {
            "hashes": [
                "sha256:5ac85eb132fae7bbd811fa48d11984ae3104be30d44d397a351d004c633a68d2",
                "sha256:6823e63264be3da1d42b3ec0e393dc8e6d03fd5e28d4291b797c76cf33759061"
            ],
            "version": "==0.4.1"
        },
        "ruamel.yaml": {
            "hashes": [
                "sha256:0eecb39c0edc55c220f71788958bd6608669592269f996a55a4f74039dce6ed5",
                "sha256:8544c8017aebea70f73c5618b45190577e9b30c33580ebb762afd9c900996d3d",
                "sha256:90f9833e97875f14d0893690311d11beeeb88952776d4aff5c218b941b992b86",
                "sha256:9e6628706c6b513cb86f0ab78f6f457a1ecf0fadaaf15c8a2af59eba0d15e3ec",
                "sha256:9f0a9d5c94d0437efc520cc05d70b244101e5185edcd279a7f0a64bb28baaec1",
                "sha256:bd67c6836e530f4a6e404cdd9f698808a01c27947ecec98db46ff8e6e3ec7632",
                "sha256:da6f9adcb779c329cf853c086ecf1699214bb289c8c28439027d24a640bd65f8"
            ],
            "version": "==0.14.12"
        },
        "six": {
            "hashes": [
                "sha256:70e8a77beed4562e7f14fe23a786b54f6296e34344c23bc42f07b15018ff98e9",
                "sha256:832dc0e10feb1aa2c68dcc57dbb658f1c7e65b9b61af69048abc87a2db00a0eb"
            ],
            "version": "==1.11.0"
        },
        "smmap2": {
            "hashes": [
                "sha256:b78ee0f1f5772d69ff50b1cbdb01b8c6647a8354f02f23b488cf4b2cfc923956",
                "sha256:c7530db63f15f09f8251094b22091298e82bf6c699a6b8344aaaef3f2e1276c3"
            ],
            "version": "==2.0.3"
        },
        "snowballstemmer": {
            "hashes": [
                "sha256:919f26a68b2c17a7634da993d91339e288964f93c274f1343e3bbbe2096e1128",
                "sha256:9f3bcd3c401c3e862ec0ebe6d2c069ebc012ce142cce209c098ccb5b09136e89"
            ],
            "version": "==1.2.1"
        },
        "sphinx": {
            "hashes": [
                "sha256:2e7ad92e96eff1b2006cf9f0cdb2743dacbae63755458594e9e8238b0c3dc60b",
                "sha256:e9b1a75a3eae05dded19c80eb17325be675e0698975baae976df603b6ed1eb10"
            ],
            "version": "==1.7.4"
        },
        "sphinxcontrib-websupport": {
            "hashes": [
                "sha256:7a85961326aa3a400cd4ad3c816d70ed6f7c740acd7ce5d78cd0a67825072eb9",
                "sha256:f4932e95869599b89bf4f80fc3989132d83c9faa5bf633e7b5e0c25dffb75da2"
            ],
            "version": "==1.0.1"
        },
        "sqlalchemy": {
            "hashes": [
                "sha256:d6cda03b0187d6ed796ff70e87c9a7dce2c2c9650a7bc3c022cd331416853c31"
            ],
            "version": "==1.2.7"
        },
        "swiglpk": {
            "hashes": [
                "sha256:0bc3ccd5e3352cd4ce4154397770caad76409c7c71ce1f910ed2b4c8746f3ae7",
                "sha256:119253b80f61a886dc1a52b5f9d2af766b82cc6ef489d4d076fa68a548a47acd",
                "sha256:16481553b4a8db2e01c9ba7b48350c73c6aeba61dddbe0f60c737105d8dd1870",
                "sha256:1986b766066ad18a98b9eba19c717415997dfe78e47d218db6845358f46b2435",
                "sha256:1cd4b5fcb378458117a6b876183f8f4e98f1cdf1d208543804bd230281fa1ab0",
                "sha256:215b0ceb1d9ec64e590652652bb3c5791fb646fabcfcce082c2de7499e865c25",
                "sha256:312d034836d8495e67d8051fb973d1e71d0cab84dd31e182c41d5c4cf4bfe948",
                "sha256:32673f6c4f8603ecb1c3c6ef05c9e3d3c64eb65a9cce2b97e60745a249c32043",
                "sha256:40c0eb35c8c9ee12adfffbd33f9cdb2fb131c6312fb82a20bc94b50faea64c04",
                "sha256:5b201124caa234eaa821e638e74855d944eb5635f8e4e524bfde3bdffd3a926d",
                "sha256:5c8297d53e5fbf0ed55e27e18e5f8642b01a42b27b4f5ebf937d761e955465a6",
                "sha256:6340ab81a2a5f630d7eb03fa3cfac0d9e3f454b144942c0bcbd637127f361d71",
                "sha256:67d474758c7c5e1ea9673b8233935edd3d8cd353e96043724f3931251c621e51",
                "sha256:73ec8b8011d33648d9a8468436a83ba687957878880a15121dddcb752792ded5",
                "sha256:880ddadcbb9e4ab619a793018c9e660f64413805459613e9e0f05c477507fc0e",
                "sha256:8c808063c3394c3563c357333200cc36db8bd00c8b60b337e1788f299d227b73",
                "sha256:943a9e4d9476f1fb184d170f8df864ad44b959fff410b8a6dcbb112c7234f3c3",
                "sha256:a6f7a5205b3fbb4d0a9c7babe8fd667b1eab07f9c794c2acd7ff535898507917",
                "sha256:aad878080a2cd43006fc04dc0b176aabb1db5d121f9e15ae998cf87161e488ba",
                "sha256:ae8b641ed541207f49f6c74ece807109d75d72bc60169b7da9fb4671130ff3c1",
                "sha256:b05b88c3569288af60619f49603691bf6ccb0141f58068d075329d141ab4ce3e",
                "sha256:b78d98e40004e7fdb1f0ca663f8953c4ace2e350754175bc52c8d5776654ad27",
                "sha256:bc0fce8c7ff5dc48e46d17282d6edb4aeddb254836ccb4cc4b04ec3b386ba471",
                "sha256:bf57e361e37b69f6f05309a9480351b6c882fcb13af7e0f7680ed2b025006c2c",
                "sha256:cd2d8cdcd35dcb687ec476d89e4173222699975900efff45b6e6e8d88649539f",
                "sha256:d08191341a21a4924005c29048dabcb5ce891df29cca60805712d30587c57539",
                "sha256:d131e0d64fc56056f76165b011ccec54c65013004721355da93ab5839312f85d",
                "sha256:d5bf2d478c07672a579e97f423a1e17a60e8ac107ae7d27c48fe35b3ae53a870",
                "sha256:d5d1dd2a1aec24a7b4bac3a48599dff6af570e06eca52305470dda5ed5601775",
                "sha256:df4810d7f8d18dcd9308fe2ade3406a0b507735032778e896d75110e55304fcc",
                "sha256:eb23e580ab62dc6b04552c03b3723de5c18216b84d7d0ff8d8b06ca2eb666980",
                "sha256:ec3a981cced293cfa0e7c2e5ef5ffe49ad69928cdeb4c3f4471e630dfd6d25d2",
                "sha256:edbfeac797e2ff846aa9c44ee6f6d54c3be95ed9349d6197b57831a684555025",
                "sha256:f14b97d81700e0a4632553b0c21e698ffed7bd82db6530cdbffbda9b0f8a4a05",
                "sha256:f86ab7aa1878802790e1c82572e76515f57e022ee155dd51c3283a1348322286"
            ],
            "version": "==1.4.4"
        },
        "sympy": {
            "hashes": [
                "sha256:ac5b57691bc43919dcc21167660a57cc51797c28a4301a6144eff07b751216a4"
            ],
            "version": "==1.1.1"
        },
        "tabulate": {
            "hashes": [
                "sha256:e4ca13f26d0a6be2a2915428dc21e732f1e44dad7f76d7030b2ef1ec251cf7f2"
            ],
            "version": "==0.8.2"
        },
        "tabulator": {
            "hashes": [
                "sha256:5a0b6ad8ae1c6624f90808f740a861e0b4c1c5813c58b35cf49cc3266e0f9f67",
                "sha256:f3e30e35c062b0f5169076a9207532a40a70bfffce842dc403664b309be9cbf5"
            ],
            "version": "==1.14.0"
        },
        "travis-encrypt": {
            "hashes": [
                "sha256:1efc20bace0ec95c4b4f5db3be57249b911b9063d8e8e91b47410b02344b43a5",
                "sha256:3ae647e81de272b1080a3167df012893e360c4e4f17965a6c834d3b411968593",
                "sha256:50b340df071971999fc84dc218e668d952f9c7b0764f765668e1293594844426"
            ],
            "version": "==1.1.0"
        },
        "travispy": {
            "hashes": [
                "sha256:b82fc7b23397e5ddfbc5810b8af7a594af9b7487bde9ed12107c8540bbfd4726"
            ],
            "version": "==0.3.5"
        },
        "unicodecsv": {
            "hashes": [
                "sha256:018c08037d48649a0412063ff4eda26eaa81eff1546dbffa51fa5293276ff7fc"
            ],
            "version": "==0.14.1"
        },
        "urllib3": {
            "hashes": [
                "sha256:06330f386d6e4b195fbfc736b297f58c5a892e4440e54d294d7004e3a9bbea1b",
                "sha256:cc44da8e1145637334317feebd728bd869a35285b93cbb4cca2577da7e62db4f"
            ],
            "version": "==1.22"
        },
        "whichcraft": {
            "hashes": [
                "sha256:9e0d51c9387cb7e9f28b7edb549e6a03da758f7784f991eb4397d7f7808c57fd",
                "sha256:cd0e10b58960ab877d9f273cd28788730936c3cdaceec2dafad97c7cf3067d46"
            ],
            "version": "==0.4.1"
        },
        "xlrd": {
            "hashes": [
                "sha256:83a1d2f1091078fb3f65876753b5302c5cfb6a41de64b9587b74cefa75157148",
                "sha256:8a21885513e6d915fe33a8ee5fdfa675433b61405ba13e2a69e62ee36828d7e2"
            ],
            "version": "==1.1.0"
        }
    },
    "develop": {}
}
